// !$*UTF8*$!
{
	archiveVersion = 1;
	classes = {
	};
	objectVersion = 50;
	objects = {

/* Begin PBXBuildFile section */
		4F295DA624D6AD1D0030EE7D /* VideoPlayerContentOverlay.swift in Sources */ = {isa = PBXBuildFile; fileRef = 4F295DA524D6AD1D0030EE7D /* VideoPlayerContentOverlay.swift */; };
		4FB5200A24D7D8B600F6BFD5 /* UIView+Embed.swift in Sources */ = {isa = PBXBuildFile; fileRef = 4FB5200924D7D8B600F6BFD5 /* UIView+Embed.swift */; };
		4FF363DE24C17FF700153AA5 /* AVPlayerItem+Publishers.swift in Sources */ = {isa = PBXBuildFile; fileRef = 4FF363DD24C17FF700153AA5 /* AVPlayerItem+Publishers.swift */; };
		BB0E49DF24E036AC0017DA69 /* AVPlayerItem+PublishersTests.swift in Sources */ = {isa = PBXBuildFile; fileRef = BB0E49DE24E036AC0017DA69 /* AVPlayerItem+PublishersTests.swift */; };
		BB4A48D624C090540004DBA5 /* AppDelegate.swift in Sources */ = {isa = PBXBuildFile; fileRef = BB4A48D524C090540004DBA5 /* AppDelegate.swift */; };
		BB4A48D824C090540004DBA5 /* SceneDelegate.swift in Sources */ = {isa = PBXBuildFile; fileRef = BB4A48D724C090540004DBA5 /* SceneDelegate.swift */; };
		BB4A48DA24C090540004DBA5 /* VideoPlayerViewController.swift in Sources */ = {isa = PBXBuildFile; fileRef = BB4A48D924C090540004DBA5 /* VideoPlayerViewController.swift */; };
		BB4A48DD24C090540004DBA5 /* Main.storyboard in Resources */ = {isa = PBXBuildFile; fileRef = BB4A48DB24C090540004DBA5 /* Main.storyboard */; };
		BB4A48DF24C090560004DBA5 /* Assets.xcassets in Resources */ = {isa = PBXBuildFile; fileRef = BB4A48DE24C090560004DBA5 /* Assets.xcassets */; };
		BB4A48E224C090560004DBA5 /* LaunchScreen.storyboard in Resources */ = {isa = PBXBuildFile; fileRef = BB4A48E024C090560004DBA5 /* LaunchScreen.storyboard */; };
		BB4A48EA24C090900004DBA5 /* PlayheadProgressPublisher.swift in Sources */ = {isa = PBXBuildFile; fileRef = BB4A48E924C090900004DBA5 /* PlayheadProgressPublisher.swift */; };
		BB4A48EE24C090D00004DBA5 /* AVPlayer+Publishers.swift in Sources */ = {isa = PBXBuildFile; fileRef = BB4A48ED24C090D00004DBA5 /* AVPlayer+Publishers.swift */; };
		BBFA8ACE24CACA6E00AC9D67 /* PlayheadProgressPublisherTests.swift in Sources */ = {isa = PBXBuildFile; fileRef = BBFA8ACD24CACA6E00AC9D67 /* PlayheadProgressPublisherTests.swift */; };
		BBFA8AD024CAD74600AC9D67 /* TestSubscriber.swift in Sources */ = {isa = PBXBuildFile; fileRef = BBFA8ACF24CAD74600AC9D67 /* TestSubscriber.swift */; };
/* End PBXBuildFile section */

/* Begin PBXContainerItemProxy section */
		BBFA8AC624C9D7B300AC9D67 /* PBXContainerItemProxy */ = {
			isa = PBXContainerItemProxy;
			containerPortal = BB4A48CA24C090540004DBA5 /* Project object */;
			proxyType = 1;
			remoteGlobalIDString = BB4A48D124C090540004DBA5;
			remoteInfo = "AVFoundation-Combine";
		};
/* End PBXContainerItemProxy section */

/* Begin PBXFileReference section */
		4F295DA524D6AD1D0030EE7D /* VideoPlayerContentOverlay.swift */ = {isa = PBXFileReference; lastKnownFileType = sourcecode.swift; path = VideoPlayerContentOverlay.swift; sourceTree = "<group>"; };
		4FB5200924D7D8B600F6BFD5 /* UIView+Embed.swift */ = {isa = PBXFileReference; lastKnownFileType = sourcecode.swift; path = "UIView+Embed.swift"; sourceTree = "<group>"; };
		4FF363DD24C17FF700153AA5 /* AVPlayerItem+Publishers.swift */ = {isa = PBXFileReference; lastKnownFileType = sourcecode.swift; path = "AVPlayerItem+Publishers.swift"; sourceTree = "<group>"; };
		BB0E49DE24E036AC0017DA69 /* AVPlayerItem+PublishersTests.swift */ = {isa = PBXFileReference; lastKnownFileType = sourcecode.swift; path = "AVPlayerItem+PublishersTests.swift"; sourceTree = "<group>"; };
		BB4A48D224C090540004DBA5 /* AVFoundation-Combine.app */ = {isa = PBXFileReference; explicitFileType = wrapper.application; includeInIndex = 0; path = "AVFoundation-Combine.app"; sourceTree = BUILT_PRODUCTS_DIR; };
		BB4A48D524C090540004DBA5 /* AppDelegate.swift */ = {isa = PBXFileReference; lastKnownFileType = sourcecode.swift; path = AppDelegate.swift; sourceTree = "<group>"; };
		BB4A48D724C090540004DBA5 /* SceneDelegate.swift */ = {isa = PBXFileReference; lastKnownFileType = sourcecode.swift; path = SceneDelegate.swift; sourceTree = "<group>"; };
		BB4A48D924C090540004DBA5 /* VideoPlayerViewController.swift */ = {isa = PBXFileReference; lastKnownFileType = sourcecode.swift; path = VideoPlayerViewController.swift; sourceTree = "<group>"; };
		BB4A48DC24C090540004DBA5 /* Base */ = {isa = PBXFileReference; lastKnownFileType = file.storyboard; name = Base; path = Base.lproj/Main.storyboard; sourceTree = "<group>"; };
		BB4A48DE24C090560004DBA5 /* Assets.xcassets */ = {isa = PBXFileReference; lastKnownFileType = folder.assetcatalog; path = Assets.xcassets; sourceTree = "<group>"; };
		BB4A48E124C090560004DBA5 /* Base */ = {isa = PBXFileReference; lastKnownFileType = file.storyboard; name = Base; path = Base.lproj/LaunchScreen.storyboard; sourceTree = "<group>"; };
		BB4A48E324C090560004DBA5 /* Info.plist */ = {isa = PBXFileReference; lastKnownFileType = text.plist.xml; path = Info.plist; sourceTree = "<group>"; };
		BB4A48E924C090900004DBA5 /* PlayheadProgressPublisher.swift */ = {isa = PBXFileReference; lastKnownFileType = sourcecode.swift; path = PlayheadProgressPublisher.swift; sourceTree = "<group>"; };
		BB4A48ED24C090D00004DBA5 /* AVPlayer+Publishers.swift */ = {isa = PBXFileReference; lastKnownFileType = sourcecode.swift; path = "AVPlayer+Publishers.swift"; sourceTree = "<group>"; };
		BBFA8AC124C9D7B300AC9D67 /* AVFoundation-CombineTests.xctest */ = {isa = PBXFileReference; explicitFileType = wrapper.cfbundle; includeInIndex = 0; path = "AVFoundation-CombineTests.xctest"; sourceTree = BUILT_PRODUCTS_DIR; };
		BBFA8AC524C9D7B300AC9D67 /* Info.plist */ = {isa = PBXFileReference; lastKnownFileType = text.plist.xml; path = Info.plist; sourceTree = "<group>"; };
		BBFA8ACD24CACA6E00AC9D67 /* PlayheadProgressPublisherTests.swift */ = {isa = PBXFileReference; lastKnownFileType = sourcecode.swift; path = PlayheadProgressPublisherTests.swift; sourceTree = "<group>"; };
		BBFA8ACF24CAD74600AC9D67 /* TestSubscriber.swift */ = {isa = PBXFileReference; lastKnownFileType = sourcecode.swift; path = TestSubscriber.swift; sourceTree = "<group>"; };
/* End PBXFileReference section */

/* Begin PBXFrameworksBuildPhase section */
		BB4A48CF24C090540004DBA5 /* Frameworks */ = {
			isa = PBXFrameworksBuildPhase;
			buildActionMask = 2147483647;
			files = (
			);
			runOnlyForDeploymentPostprocessing = 0;
		};
		BBFA8ABE24C9D7B300AC9D67 /* Frameworks */ = {
			isa = PBXFrameworksBuildPhase;
			buildActionMask = 2147483647;
			files = (
			);
			runOnlyForDeploymentPostprocessing = 0;
		};
/* End PBXFrameworksBuildPhase section */

/* Begin PBXGroup section */
		4F627A4524D4585200998BF7 /* Extensions */ = {
			isa = PBXGroup;
			children = (
				BB4A48ED24C090D00004DBA5 /* AVPlayer+Publishers.swift */,
				4FF363DD24C17FF700153AA5 /* AVPlayerItem+Publishers.swift */,
				4FB5200924D7D8B600F6BFD5 /* UIView+Embed.swift */,
			);
			path = Extensions;
			sourceTree = "<group>";
		};
		4F627A4624D4589900998BF7 /* Video Player */ = {
			isa = PBXGroup;
			children = (
				BB4A48D924C090540004DBA5 /* VideoPlayerViewController.swift */,
				4F295DA524D6AD1D0030EE7D /* VideoPlayerContentOverlay.swift */,
			);
			path = "Video Player";
			sourceTree = "<group>";
		};
		BB4A48C924C090540004DBA5 = {
			isa = PBXGroup;
			children = (
				BB4A48D424C090540004DBA5 /* AVFoundation-Combine */,
				BBFA8AC224C9D7B300AC9D67 /* AVFoundation-CombineTests */,
				BB4A48D324C090540004DBA5 /* Products */,
			);
			sourceTree = "<group>";
		};
		BB4A48D324C090540004DBA5 /* Products */ = {
			isa = PBXGroup;
			children = (
				BB4A48D224C090540004DBA5 /* AVFoundation-Combine.app */,
				BBFA8AC124C9D7B300AC9D67 /* AVFoundation-CombineTests.xctest */,
			);
			name = Products;
			sourceTree = "<group>";
		};
		BB4A48D424C090540004DBA5 /* AVFoundation-Combine */ = {
			isa = PBXGroup;
			children = (
				4F627A4624D4589900998BF7 /* Video Player */,
				4F627A4524D4585200998BF7 /* Extensions */,
				BB4A48E324C090560004DBA5 /* Info.plist */,
				BB4A48EB24C090990004DBA5 /* Publishers */,
				BB4A48EC24C090A40004DBA5 /* Supporting Files */,
			);
			path = "AVFoundation-Combine";
			sourceTree = "<group>";
		};
		BB4A48EB24C090990004DBA5 /* Publishers */ = {
			isa = PBXGroup;
			children = (
				BB4A48E924C090900004DBA5 /* PlayheadProgressPublisher.swift */,
			);
			path = Publishers;
			sourceTree = "<group>";
		};
		BB4A48EC24C090A40004DBA5 /* Supporting Files */ = {
			isa = PBXGroup;
			children = (
				BB4A48D524C090540004DBA5 /* AppDelegate.swift */,
				BB4A48D724C090540004DBA5 /* SceneDelegate.swift */,
				BB4A48DB24C090540004DBA5 /* Main.storyboard */,
				BB4A48DE24C090560004DBA5 /* Assets.xcassets */,
				BB4A48E024C090560004DBA5 /* LaunchScreen.storyboard */,
			);
			path = "Supporting Files";
			sourceTree = "<group>";
		};
		BBFA8AC224C9D7B300AC9D67 /* AVFoundation-CombineTests */ = {
			isa = PBXGroup;
			children = (
				BBFA8AC524C9D7B300AC9D67 /* Info.plist */,
				BBFA8ACD24CACA6E00AC9D67 /* PlayheadProgressPublisherTests.swift */,
				BB0E49DE24E036AC0017DA69 /* AVPlayerItem+PublishersTests.swift */,
				BBFA8ACF24CAD74600AC9D67 /* TestSubscriber.swift */,
			);
			path = "AVFoundation-CombineTests";
			sourceTree = "<group>";
		};
/* End PBXGroup section */

/* Begin PBXNativeTarget section */
		BB4A48D124C090540004DBA5 /* AVFoundation-Combine */ = {
			isa = PBXNativeTarget;
			buildConfigurationList = BB4A48E624C090560004DBA5 /* Build configuration list for PBXNativeTarget "AVFoundation-Combine" */;
			buildPhases = (
				BB4A48CE24C090540004DBA5 /* Sources */,
				BB4A48CF24C090540004DBA5 /* Frameworks */,
				BB4A48D024C090540004DBA5 /* Resources */,
			);
			buildRules = (
			);
			dependencies = (
			);
			name = "AVFoundation-Combine";
			productName = "AVFoundation-Combine";
			productReference = BB4A48D224C090540004DBA5 /* AVFoundation-Combine.app */;
			productType = "com.apple.product-type.application";
		};
		BBFA8AC024C9D7B300AC9D67 /* AVFoundation-CombineTests */ = {
			isa = PBXNativeTarget;
			buildConfigurationList = BBFA8ACA24C9D7B300AC9D67 /* Build configuration list for PBXNativeTarget "AVFoundation-CombineTests" */;
			buildPhases = (
				BBFA8ABD24C9D7B300AC9D67 /* Sources */,
				BBFA8ABE24C9D7B300AC9D67 /* Frameworks */,
				BBFA8ABF24C9D7B300AC9D67 /* Resources */,
			);
			buildRules = (
			);
			dependencies = (
				BBFA8AC724C9D7B300AC9D67 /* PBXTargetDependency */,
			);
			name = "AVFoundation-CombineTests";
			productName = "AVFoundation-CombineTests";
			productReference = BBFA8AC124C9D7B300AC9D67 /* AVFoundation-CombineTests.xctest */;
			productType = "com.apple.product-type.bundle.unit-test";
		};
/* End PBXNativeTarget section */

/* Begin PBXProject section */
		BB4A48CA24C090540004DBA5 /* Project object */ = {
			isa = PBXProject;
			attributes = {
				LastSwiftUpdateCheck = 1160;
				LastUpgradeCheck = 1150;
				ORGANIZATIONNAME = "József Vesza";
				TargetAttributes = {
					BB4A48D124C090540004DBA5 = {
						CreatedOnToolsVersion = 11.5;
					};
					BBFA8AC024C9D7B300AC9D67 = {
						CreatedOnToolsVersion = 11.6;
						TestTargetID = BB4A48D124C090540004DBA5;
					};
				};
			};
			buildConfigurationList = BB4A48CD24C090540004DBA5 /* Build configuration list for PBXProject "AVFoundation-Combine" */;
			compatibilityVersion = "Xcode 9.3";
			developmentRegion = en;
			hasScannedForEncodings = 0;
			knownRegions = (
				en,
				Base,
			);
			mainGroup = BB4A48C924C090540004DBA5;
			productRefGroup = BB4A48D324C090540004DBA5 /* Products */;
			projectDirPath = "";
			projectRoot = "";
			targets = (
				BB4A48D124C090540004DBA5 /* AVFoundation-Combine */,
				BBFA8AC024C9D7B300AC9D67 /* AVFoundation-CombineTests */,
			);
		};
/* End PBXProject section */

/* Begin PBXResourcesBuildPhase section */
		BB4A48D024C090540004DBA5 /* Resources */ = {
			isa = PBXResourcesBuildPhase;
			buildActionMask = 2147483647;
			files = (
				BB4A48E224C090560004DBA5 /* LaunchScreen.storyboard in Resources */,
				BB4A48DF24C090560004DBA5 /* Assets.xcassets in Resources */,
				BB4A48DD24C090540004DBA5 /* Main.storyboard in Resources */,
			);
			runOnlyForDeploymentPostprocessing = 0;
		};
		BBFA8ABF24C9D7B300AC9D67 /* Resources */ = {
			isa = PBXResourcesBuildPhase;
			buildActionMask = 2147483647;
			files = (
			);
			runOnlyForDeploymentPostprocessing = 0;
		};
/* End PBXResourcesBuildPhase section */

/* Begin PBXSourcesBuildPhase section */
		BB4A48CE24C090540004DBA5 /* Sources */ = {
			isa = PBXSourcesBuildPhase;
			buildActionMask = 2147483647;
			files = (
				4FB5200A24D7D8B600F6BFD5 /* UIView+Embed.swift in Sources */,
				BB4A48DA24C090540004DBA5 /* VideoPlayerViewController.swift in Sources */,
				BB4A48EE24C090D00004DBA5 /* AVPlayer+Publishers.swift in Sources */,
				BB4A48EA24C090900004DBA5 /* PlayheadProgressPublisher.swift in Sources */,
				4FF363DE24C17FF700153AA5 /* AVPlayerItem+Publishers.swift in Sources */,
				BB4A48D624C090540004DBA5 /* AppDelegate.swift in Sources */,
				BB4A48D824C090540004DBA5 /* SceneDelegate.swift in Sources */,
				4F295DA624D6AD1D0030EE7D /* VideoPlayerContentOverlay.swift in Sources */,
			);
			runOnlyForDeploymentPostprocessing = 0;
		};
		BBFA8ABD24C9D7B300AC9D67 /* Sources */ = {
			isa = PBXSourcesBuildPhase;
			buildActionMask = 2147483647;
			files = (
				BBFA8AD024CAD74600AC9D67 /* TestSubscriber.swift in Sources */,
				BBFA8ACE24CACA6E00AC9D67 /* PlayheadProgressPublisherTests.swift in Sources */,
				BB0E49DF24E036AC0017DA69 /* AVPlayerItem+PublishersTests.swift in Sources */,
			);
			runOnlyForDeploymentPostprocessing = 0;
		};
/* End PBXSourcesBuildPhase section */

/* Begin PBXTargetDependency section */
		BBFA8AC724C9D7B300AC9D67 /* PBXTargetDependency */ = {
			isa = PBXTargetDependency;
			target = BB4A48D124C090540004DBA5 /* AVFoundation-Combine */;
			targetProxy = BBFA8AC624C9D7B300AC9D67 /* PBXContainerItemProxy */;
		};
/* End PBXTargetDependency section */

/* Begin PBXVariantGroup section */
		BB4A48DB24C090540004DBA5 /* Main.storyboard */ = {
			isa = PBXVariantGroup;
			children = (
				BB4A48DC24C090540004DBA5 /* Base */,
			);
			name = Main.storyboard;
			sourceTree = "<group>";
		};
		BB4A48E024C090560004DBA5 /* LaunchScreen.storyboard */ = {
			isa = PBXVariantGroup;
			children = (
				BB4A48E124C090560004DBA5 /* Base */,
			);
			name = LaunchScreen.storyboard;
			sourceTree = "<group>";
		};
/* End PBXVariantGroup section */

/* Begin XCBuildConfiguration section */
		BB4A48E424C090560004DBA5 /* Debug */ = {
			isa = XCBuildConfiguration;
			buildSettings = {
				ALWAYS_SEARCH_USER_PATHS = NO;
				CLANG_ANALYZER_NONNULL = YES;
				CLANG_ANALYZER_NUMBER_OBJECT_CONVERSION = YES_AGGRESSIVE;
				CLANG_CXX_LANGUAGE_STANDARD = "gnu++14";
				CLANG_CXX_LIBRARY = "libc++";
				CLANG_ENABLE_MODULES = YES;
				CLANG_ENABLE_OBJC_ARC = YES;
				CLANG_ENABLE_OBJC_WEAK = YES;
				CLANG_WARN_BLOCK_CAPTURE_AUTORELEASING = YES;
				CLANG_WARN_BOOL_CONVERSION = YES;
				CLANG_WARN_COMMA = YES;
				CLANG_WARN_CONSTANT_CONVERSION = YES;
				CLANG_WARN_DEPRECATED_OBJC_IMPLEMENTATIONS = YES;
				CLANG_WARN_DIRECT_OBJC_ISA_USAGE = YES_ERROR;
				CLANG_WARN_DOCUMENTATION_COMMENTS = YES;
				CLANG_WARN_EMPTY_BODY = YES;
				CLANG_WARN_ENUM_CONVERSION = YES;
				CLANG_WARN_INFINITE_RECURSION = YES;
				CLANG_WARN_INT_CONVERSION = YES;
				CLANG_WARN_NON_LITERAL_NULL_CONVERSION = YES;
				CLANG_WARN_OBJC_IMPLICIT_RETAIN_SELF = YES;
				CLANG_WARN_OBJC_LITERAL_CONVERSION = YES;
				CLANG_WARN_OBJC_ROOT_CLASS = YES_ERROR;
				CLANG_WARN_RANGE_LOOP_ANALYSIS = YES;
				CLANG_WARN_STRICT_PROTOTYPES = YES;
				CLANG_WARN_SUSPICIOUS_MOVE = YES;
				CLANG_WARN_UNGUARDED_AVAILABILITY = YES_AGGRESSIVE;
				CLANG_WARN_UNREACHABLE_CODE = YES;
				CLANG_WARN__DUPLICATE_METHOD_MATCH = YES;
				COPY_PHASE_STRIP = NO;
				DEBUG_INFORMATION_FORMAT = dwarf;
				ENABLE_STRICT_OBJC_MSGSEND = YES;
				ENABLE_TESTABILITY = YES;
				GCC_C_LANGUAGE_STANDARD = gnu11;
				GCC_DYNAMIC_NO_PIC = NO;
				GCC_NO_COMMON_BLOCKS = YES;
				GCC_OPTIMIZATION_LEVEL = 0;
				GCC_PREPROCESSOR_DEFINITIONS = (
					"DEBUG=1",
					"$(inherited)",
				);
				GCC_WARN_64_TO_32_BIT_CONVERSION = YES;
				GCC_WARN_ABOUT_RETURN_TYPE = YES_ERROR;
				GCC_WARN_UNDECLARED_SELECTOR = YES;
				GCC_WARN_UNINITIALIZED_AUTOS = YES_AGGRESSIVE;
				GCC_WARN_UNUSED_FUNCTION = YES;
				GCC_WARN_UNUSED_VARIABLE = YES;
				IPHONEOS_DEPLOYMENT_TARGET = 13.5;
				MTL_ENABLE_DEBUG_INFO = INCLUDE_SOURCE;
				MTL_FAST_MATH = YES;
				ONLY_ACTIVE_ARCH = YES;
				SDKROOT = iphoneos;
				SWIFT_ACTIVE_COMPILATION_CONDITIONS = DEBUG;
				SWIFT_OPTIMIZATION_LEVEL = "-Onone";
			};
			name = Debug;
		};
		BB4A48E524C090560004DBA5 /* Release */ = {
			isa = XCBuildConfiguration;
			buildSettings = {
				ALWAYS_SEARCH_USER_PATHS = NO;
				CLANG_ANALYZER_NONNULL = YES;
				CLANG_ANALYZER_NUMBER_OBJECT_CONVERSION = YES_AGGRESSIVE;
				CLANG_CXX_LANGUAGE_STANDARD = "gnu++14";
				CLANG_CXX_LIBRARY = "libc++";
				CLANG_ENABLE_MODULES = YES;
				CLANG_ENABLE_OBJC_ARC = YES;
				CLANG_ENABLE_OBJC_WEAK = YES;
				CLANG_WARN_BLOCK_CAPTURE_AUTORELEASING = YES;
				CLANG_WARN_BOOL_CONVERSION = YES;
				CLANG_WARN_COMMA = YES;
				CLANG_WARN_CONSTANT_CONVERSION = YES;
				CLANG_WARN_DEPRECATED_OBJC_IMPLEMENTATIONS = YES;
				CLANG_WARN_DIRECT_OBJC_ISA_USAGE = YES_ERROR;
				CLANG_WARN_DOCUMENTATION_COMMENTS = YES;
				CLANG_WARN_EMPTY_BODY = YES;
				CLANG_WARN_ENUM_CONVERSION = YES;
				CLANG_WARN_INFINITE_RECURSION = YES;
				CLANG_WARN_INT_CONVERSION = YES;
				CLANG_WARN_NON_LITERAL_NULL_CONVERSION = YES;
				CLANG_WARN_OBJC_IMPLICIT_RETAIN_SELF = YES;
				CLANG_WARN_OBJC_LITERAL_CONVERSION = YES;
				CLANG_WARN_OBJC_ROOT_CLASS = YES_ERROR;
				CLANG_WARN_RANGE_LOOP_ANALYSIS = YES;
				CLANG_WARN_STRICT_PROTOTYPES = YES;
				CLANG_WARN_SUSPICIOUS_MOVE = YES;
				CLANG_WARN_UNGUARDED_AVAILABILITY = YES_AGGRESSIVE;
				CLANG_WARN_UNREACHABLE_CODE = YES;
				CLANG_WARN__DUPLICATE_METHOD_MATCH = YES;
				COPY_PHASE_STRIP = NO;
				DEBUG_INFORMATION_FORMAT = "dwarf-with-dsym";
				ENABLE_NS_ASSERTIONS = NO;
				ENABLE_STRICT_OBJC_MSGSEND = YES;
				GCC_C_LANGUAGE_STANDARD = gnu11;
				GCC_NO_COMMON_BLOCKS = YES;
				GCC_WARN_64_TO_32_BIT_CONVERSION = YES;
				GCC_WARN_ABOUT_RETURN_TYPE = YES_ERROR;
				GCC_WARN_UNDECLARED_SELECTOR = YES;
				GCC_WARN_UNINITIALIZED_AUTOS = YES_AGGRESSIVE;
				GCC_WARN_UNUSED_FUNCTION = YES;
				GCC_WARN_UNUSED_VARIABLE = YES;
				IPHONEOS_DEPLOYMENT_TARGET = 13.5;
				MTL_ENABLE_DEBUG_INFO = NO;
				MTL_FAST_MATH = YES;
				SDKROOT = iphoneos;
				SWIFT_COMPILATION_MODE = wholemodule;
				SWIFT_OPTIMIZATION_LEVEL = "-O";
				VALIDATE_PRODUCT = YES;
			};
			name = Release;
		};
		BB4A48E724C090560004DBA5 /* Debug */ = {
			isa = XCBuildConfiguration;
			buildSettings = {
				ASSETCATALOG_COMPILER_APPICON_NAME = AppIcon;
				CODE_SIGN_STYLE = Automatic;
				DEVELOPMENT_TEAM = 22E8VLPFF8;
				INFOPLIST_FILE = "AVFoundation-Combine/Info.plist";
				IPHONEOS_DEPLOYMENT_TARGET = 13.0;
				LD_RUNPATH_SEARCH_PATHS = (
					"$(inherited)",
					"@executable_path/Frameworks",
				);
				PRODUCT_BUNDLE_IDENTIFIER = "hu.jozsefvesza.AVFoundation-Combine";
				PRODUCT_NAME = "$(TARGET_NAME)";
				SWIFT_VERSION = 5.0;
				TARGETED_DEVICE_FAMILY = "1,2";
			};
			name = Debug;
		};
		BB4A48E824C090560004DBA5 /* Release */ = {
			isa = XCBuildConfiguration;
			buildSettings = {
				ASSETCATALOG_COMPILER_APPICON_NAME = AppIcon;
				CODE_SIGN_STYLE = Automatic;
				DEVELOPMENT_TEAM = 22E8VLPFF8;
				INFOPLIST_FILE = "AVFoundation-Combine/Info.plist";
				IPHONEOS_DEPLOYMENT_TARGET = 13.0;
				LD_RUNPATH_SEARCH_PATHS = (
					"$(inherited)",
					"@executable_path/Frameworks",
				);
				PRODUCT_BUNDLE_IDENTIFIER = "hu.jozsefvesza.AVFoundation-Combine";
				PRODUCT_NAME = "$(TARGET_NAME)";
				SWIFT_VERSION = 5.0;
				TARGETED_DEVICE_FAMILY = "1,2";
			};
			name = Release;
		};
		BBFA8AC824C9D7B300AC9D67 /* Debug */ = {
			isa = XCBuildConfiguration;
			buildSettings = {
				BUNDLE_LOADER = "$(TEST_HOST)";
				CODE_SIGN_STYLE = Automatic;
				DEVELOPMENT_TEAM = 2Q6B2J7LRM;
				INFOPLIST_FILE = "AVFoundation-CombineTests/Info.plist";
				IPHONEOS_DEPLOYMENT_TARGET = 13.6;
				LD_RUNPATH_SEARCH_PATHS = (
					"$(inherited)",
					"@executable_path/Frameworks",
					"@loader_path/Frameworks",
				);
				PRODUCT_BUNDLE_IDENTIFIER = "hu.jozsefvesza.AVFoundation-CombineTests";
				PRODUCT_NAME = "$(TARGET_NAME)";
				SWIFT_VERSION = 5.0;
				TARGETED_DEVICE_FAMILY = "1,2";
				TEST_HOST = "$(BUILT_PRODUCTS_DIR)/AVFoundation-Combine.app/AVFoundation-Combine";
			};
			name = Debug;
		};
		BBFA8AC924C9D7B300AC9D67 /* Release */ = {
			isa = XCBuildConfiguration;
			buildSettings = {
				BUNDLE_LOADER = "$(TEST_HOST)";
				CODE_SIGN_STYLE = Automatic;
				DEVELOPMENT_TEAM = 2Q6B2J7LRM;
				INFOPLIST_FILE = "AVFoundation-CombineTests/Info.plist";
				IPHONEOS_DEPLOYMENT_TARGET = 13.6;
				LD_RUNPATH_SEARCH_PATHS = (
					"$(inherited)",
					"@executable_path/Frameworks",
					"@loader_path/Frameworks",
				);
				PRODUCT_BUNDLE_IDENTIFIER = "hu.jozsefvesza.AVFoundation-CombineTests";
				PRODUCT_NAME = "$(TARGET_NAME)";
				SWIFT_VERSION = 5.0;
				TARGETED_DEVICE_FAMILY = "1,2";
				TEST_HOST = "$(BUILT_PRODUCTS_DIR)/AVFoundation-Combine.app/AVFoundation-Combine";
			};
			name = Release;
		};
/* End XCBuildConfiguration section */

/* Begin XCConfigurationList section */
		BB4A48CD24C090540004DBA5 /* Build configuration list for PBXProject "AVFoundation-Combine" */ = {
			isa = XCConfigurationList;
			buildConfigurations = (
				BB4A48E424C090560004DBA5 /* Debug */,
				BB4A48E524C090560004DBA5 /* Release */,
			);
			defaultConfigurationIsVisible = 0;
			defaultConfigurationName = Release;
		};
		BB4A48E624C090560004DBA5 /* Build configuration list for PBXNativeTarget "AVFoundation-Combine" */ = {
			isa = XCConfigurationList;
			buildConfigurations = (
				BB4A48E724C090560004DBA5 /* Debug */,
				BB4A48E824C090560004DBA5 /* Release */,
			);
			defaultConfigurationIsVisible = 0;
			defaultConfigurationName = Release;
		};
		BBFA8ACA24C9D7B300AC9D67 /* Build configuration list for PBXNativeTarget "AVFoundation-CombineTests" */ = {
			isa = XCConfigurationList;
			buildConfigurations = (
				BBFA8AC824C9D7B300AC9D67 /* Debug */,
				BBFA8AC924C9D7B300AC9D67 /* Release */,
			);
			defaultConfigurationIsVisible = 0;
			defaultConfigurationName = Release;
		};
/* End XCConfigurationList section */
	};
	rootObject = BB4A48CA24C090540004DBA5 /* Project object */;
}
