// !$*UTF8*$!
{
	archiveVersion = 1;
	classes = {
	};
	objectVersion = 52;
	objects = {

/* Begin PBXBuildFile section */
		4F295DA624D6AD1D0030EE7D /* VideoPlayerContentOverlay.swift in Sources */ = {isa = PBXBuildFile; fileRef = 4F295DA524D6AD1D0030EE7D /* VideoPlayerContentOverlay.swift */; };
		4F924A5D261F46900014DA8A /* AppDelegate.swift in Sources */ = {isa = PBXBuildFile; fileRef = 4F924A5C261F46900014DA8A /* AppDelegate.swift */; };
		4F924A5F261F46900014DA8A /* ViewController.swift in Sources */ = {isa = PBXBuildFile; fileRef = 4F924A5E261F46900014DA8A /* ViewController.swift */; };
		4F924A62261F46900014DA8A /* Main.storyboard in Resources */ = {isa = PBXBuildFile; fileRef = 4F924A60261F46900014DA8A /* Main.storyboard */; };
		4F924A64261F46920014DA8A /* Assets.xcassets in Resources */ = {isa = PBXBuildFile; fileRef = 4F924A63261F46920014DA8A /* Assets.xcassets */; };
		4F924A67261F46920014DA8A /* LaunchScreen.storyboard in Resources */ = {isa = PBXBuildFile; fileRef = 4F924A65261F46920014DA8A /* LaunchScreen.storyboard */; };
		4F924A6F261F472C0014DA8A /* VideoPlayerViewController.swift in Sources */ = {isa = PBXBuildFile; fileRef = BB4A48D924C090540004DBA5 /* VideoPlayerViewController.swift */; };
		4F924A72261F472F0014DA8A /* VideoPlayerContentOverlay.swift in Sources */ = {isa = PBXBuildFile; fileRef = 4F295DA524D6AD1D0030EE7D /* VideoPlayerContentOverlay.swift */; };
		4F924A75261F47320014DA8A /* UIView+Embed.swift in Sources */ = {isa = PBXBuildFile; fileRef = 4FB5200924D7D8B600F6BFD5 /* UIView+Embed.swift */; };
		4F924A7A261F47AA0014DA8A /* AVFoundationCombine in Frameworks */ = {isa = PBXBuildFile; productRef = 4F924A79261F47AA0014DA8A /* AVFoundationCombine */; };
		4F924A81261F48070014DA8A /* AVFoundationCombine in Frameworks */ = {isa = PBXBuildFile; productRef = 4F924A80261F48070014DA8A /* AVFoundationCombine */; };
		4F924A86261F4BAA0014DA8A /* UIAssets.xcassets in Resources */ = {isa = PBXBuildFile; fileRef = 4F924A85261F4BAA0014DA8A /* UIAssets.xcassets */; };
		4F924A89261F4BE40014DA8A /* UIAssets.xcassets in Resources */ = {isa = PBXBuildFile; fileRef = 4F924A85261F4BAA0014DA8A /* UIAssets.xcassets */; };
		4FB5200A24D7D8B600F6BFD5 /* UIView+Embed.swift in Sources */ = {isa = PBXBuildFile; fileRef = 4FB5200924D7D8B600F6BFD5 /* UIView+Embed.swift */; };
		BB4A48D624C090540004DBA5 /* AppDelegate.swift in Sources */ = {isa = PBXBuildFile; fileRef = BB4A48D524C090540004DBA5 /* AppDelegate.swift */; };
		BB4A48D824C090540004DBA5 /* SceneDelegate.swift in Sources */ = {isa = PBXBuildFile; fileRef = BB4A48D724C090540004DBA5 /* SceneDelegate.swift */; };
		BB4A48DA24C090540004DBA5 /* VideoPlayerViewController.swift in Sources */ = {isa = PBXBuildFile; fileRef = BB4A48D924C090540004DBA5 /* VideoPlayerViewController.swift */; };
		BB4A48DD24C090540004DBA5 /* Main.storyboard in Resources */ = {isa = PBXBuildFile; fileRef = BB4A48DB24C090540004DBA5 /* Main.storyboard */; };
		BB4A48DF24C090560004DBA5 /* Assets.xcassets in Resources */ = {isa = PBXBuildFile; fileRef = BB4A48DE24C090560004DBA5 /* Assets.xcassets */; };
		BB4A48E224C090560004DBA5 /* LaunchScreen.storyboard in Resources */ = {isa = PBXBuildFile; fileRef = BB4A48E024C090560004DBA5 /* LaunchScreen.storyboard */; };
/* End PBXBuildFile section */

/* Begin PBXFileReference section */
		4F295DA524D6AD1D0030EE7D /* VideoPlayerContentOverlay.swift */ = {isa = PBXFileReference; lastKnownFileType = sourcecode.swift; path = VideoPlayerContentOverlay.swift; sourceTree = "<group>"; };
		4F924A5A261F46900014DA8A /* AVFoundation-Combine-tv.app */ = {isa = PBXFileReference; explicitFileType = wrapper.application; includeInIndex = 0; path = "AVFoundation-Combine-tv.app"; sourceTree = BUILT_PRODUCTS_DIR; };
		4F924A5C261F46900014DA8A /* AppDelegate.swift */ = {isa = PBXFileReference; lastKnownFileType = sourcecode.swift; path = AppDelegate.swift; sourceTree = "<group>"; };
		4F924A5E261F46900014DA8A /* ViewController.swift */ = {isa = PBXFileReference; lastKnownFileType = sourcecode.swift; path = ViewController.swift; sourceTree = "<group>"; };
		4F924A61261F46900014DA8A /* Base */ = {isa = PBXFileReference; lastKnownFileType = file.storyboard; name = Base; path = Base.lproj/Main.storyboard; sourceTree = "<group>"; };
		4F924A63261F46920014DA8A /* Assets.xcassets */ = {isa = PBXFileReference; lastKnownFileType = folder.assetcatalog; path = Assets.xcassets; sourceTree = "<group>"; };
		4F924A66261F46920014DA8A /* Base */ = {isa = PBXFileReference; lastKnownFileType = file.storyboard; name = Base; path = Base.lproj/LaunchScreen.storyboard; sourceTree = "<group>"; };
		4F924A68261F46920014DA8A /* Info.plist */ = {isa = PBXFileReference; lastKnownFileType = text.plist.xml; path = Info.plist; sourceTree = "<group>"; };
		4F924A85261F4BAA0014DA8A /* UIAssets.xcassets */ = {isa = PBXFileReference; lastKnownFileType = folder.assetcatalog; path = UIAssets.xcassets; sourceTree = "<group>"; };
		4FB5200924D7D8B600F6BFD5 /* UIView+Embed.swift */ = {isa = PBXFileReference; lastKnownFileType = sourcecode.swift; path = "UIView+Embed.swift"; sourceTree = "<group>"; };
		BB4A48D224C090540004DBA5 /* AVFoundation-Combine.app */ = {isa = PBXFileReference; explicitFileType = wrapper.application; includeInIndex = 0; path = "AVFoundation-Combine.app"; sourceTree = BUILT_PRODUCTS_DIR; };
		BB4A48D524C090540004DBA5 /* AppDelegate.swift */ = {isa = PBXFileReference; lastKnownFileType = sourcecode.swift; path = AppDelegate.swift; sourceTree = "<group>"; };
		BB4A48D724C090540004DBA5 /* SceneDelegate.swift */ = {isa = PBXFileReference; lastKnownFileType = sourcecode.swift; path = SceneDelegate.swift; sourceTree = "<group>"; };
		BB4A48D924C090540004DBA5 /* VideoPlayerViewController.swift */ = {isa = PBXFileReference; lastKnownFileType = sourcecode.swift; path = VideoPlayerViewController.swift; sourceTree = "<group>"; };
		BB4A48DC24C090540004DBA5 /* Base */ = {isa = PBXFileReference; lastKnownFileType = file.storyboard; name = Base; path = Base.lproj/Main.storyboard; sourceTree = "<group>"; };
		BB4A48DE24C090560004DBA5 /* Assets.xcassets */ = {isa = PBXFileReference; lastKnownFileType = folder.assetcatalog; path = Assets.xcassets; sourceTree = "<group>"; };
		BB4A48E124C090560004DBA5 /* Base */ = {isa = PBXFileReference; lastKnownFileType = file.storyboard; name = Base; path = Base.lproj/LaunchScreen.storyboard; sourceTree = "<group>"; };
		BB4A48E324C090560004DBA5 /* Info.plist */ = {isa = PBXFileReference; lastKnownFileType = text.plist.xml; path = Info.plist; sourceTree = "<group>"; };
/* End PBXFileReference section */

/* Begin PBXFrameworksBuildPhase section */
		4F924A57261F46900014DA8A /* Frameworks */ = {
			isa = PBXFrameworksBuildPhase;
			buildActionMask = 2147483647;
			files = (
				4F924A81261F48070014DA8A /* AVFoundationCombine in Frameworks */,
			);
			runOnlyForDeploymentPostprocessing = 0;
		};
		BB4A48CF24C090540004DBA5 /* Frameworks */ = {
			isa = PBXFrameworksBuildPhase;
			buildActionMask = 2147483647;
			files = (
				4F924A7A261F47AA0014DA8A /* AVFoundationCombine in Frameworks */,
			);
			runOnlyForDeploymentPostprocessing = 0;
		};
/* End PBXFrameworksBuildPhase section */

/* Begin PBXGroup section */
		4F627A4524D4585200998BF7 /* Extensions */ = {
			isa = PBXGroup;
			children = (
				4FB5200924D7D8B600F6BFD5 /* UIView+Embed.swift */,
			);
			path = Extensions;
			sourceTree = "<group>";
		};
		4F627A4624D4589900998BF7 /* Video Player */ = {
			isa = PBXGroup;
			children = (
				BB4A48D924C090540004DBA5 /* VideoPlayerViewController.swift */,
				4F295DA524D6AD1D0030EE7D /* VideoPlayerContentOverlay.swift */,
			);
			path = "Video Player";
			sourceTree = "<group>";
		};
		4F924A5B261F46900014DA8A /* AVFoundation-Combine-tv */ = {
			isa = PBXGroup;
			children = (
				4F924A5C261F46900014DA8A /* AppDelegate.swift */,
				4F924A5E261F46900014DA8A /* ViewController.swift */,
				4F924A60261F46900014DA8A /* Main.storyboard */,
				4F924A63261F46920014DA8A /* Assets.xcassets */,
				4F924A65261F46920014DA8A /* LaunchScreen.storyboard */,
				4F924A68261F46920014DA8A /* Info.plist */,
			);
			path = "AVFoundation-Combine-tv";
			sourceTree = "<group>";
		};
		4F924A6E261F47020014DA8A /* Shared */ = {
			isa = PBXGroup;
			children = (
				4F924A84261F4B910014DA8A /* Assets */,
				4F627A4624D4589900998BF7 /* Video Player */,
				4F627A4524D4585200998BF7 /* Extensions */,
			);
			path = Shared;
			sourceTree = "<group>";
		};
		4F924A7F261F48070014DA8A /* Frameworks */ = {
			isa = PBXGroup;
			children = (
			);
			name = Frameworks;
			sourceTree = "<group>";
		};
		4F924A84261F4B910014DA8A /* Assets */ = {
			isa = PBXGroup;
			children = (
				4F924A85261F4BAA0014DA8A /* UIAssets.xcassets */,
			);
			path = Assets;
			sourceTree = "<group>";
		};
		BB4A48C924C090540004DBA5 = {
			isa = PBXGroup;
			children = (
				4F924A6E261F47020014DA8A /* Shared */,
				BB4A48D424C090540004DBA5 /* AVFoundation-Combine */,
				4F924A5B261F46900014DA8A /* AVFoundation-Combine-tv */,
				BB4A48D324C090540004DBA5 /* Products */,
				4F924A7F261F48070014DA8A /* Frameworks */,
			);
			sourceTree = "<group>";
		};
		BB4A48D324C090540004DBA5 /* Products */ = {
			isa = PBXGroup;
			children = (
				BB4A48D224C090540004DBA5 /* AVFoundation-Combine.app */,
				4F924A5A261F46900014DA8A /* AVFoundation-Combine-tv.app */,
			);
			name = Products;
			sourceTree = "<group>";
		};
		BB4A48D424C090540004DBA5 /* AVFoundation-Combine */ = {
			isa = PBXGroup;
			children = (
				BB4A48E324C090560004DBA5 /* Info.plist */,
				BB4A48EC24C090A40004DBA5 /* Supporting Files */,
			);
			path = "AVFoundation-Combine";
			sourceTree = "<group>";
		};
		BB4A48EC24C090A40004DBA5 /* Supporting Files */ = {
			isa = PBXGroup;
			children = (
				BB4A48D524C090540004DBA5 /* AppDelegate.swift */,
				BB4A48D724C090540004DBA5 /* SceneDelegate.swift */,
				BB4A48DB24C090540004DBA5 /* Main.storyboard */,
				BB4A48DE24C090560004DBA5 /* Assets.xcassets */,
				BB4A48E024C090560004DBA5 /* LaunchScreen.storyboard */,
			);
			path = "Supporting Files";
			sourceTree = "<group>";
		};
/* End PBXGroup section */

/* Begin PBXNativeTarget section */
		4F924A59261F46900014DA8A /* AVFoundation-Combine-tv */ = {
			isa = PBXNativeTarget;
			buildConfigurationList = 4F924A6B261F46920014DA8A /* Build configuration list for PBXNativeTarget "AVFoundation-Combine-tv" */;
			buildPhases = (
				4F924A56261F46900014DA8A /* Sources */,
				4F924A57261F46900014DA8A /* Frameworks */,
				4F924A58261F46900014DA8A /* Resources */,
			);
			buildRules = (
			);
			dependencies = (
			);
			name = "AVFoundation-Combine-tv";
			packageProductDependencies = (
				4F924A80261F48070014DA8A /* AVFoundationCombine */,
			);
			productName = "AVFoundation-Combine-tv";
			productReference = 4F924A5A261F46900014DA8A /* AVFoundation-Combine-tv.app */;
			productType = "com.apple.product-type.application";
		};
		BB4A48D124C090540004DBA5 /* AVFoundation-Combine */ = {
			isa = PBXNativeTarget;
			buildConfigurationList = BB4A48E624C090560004DBA5 /* Build configuration list for PBXNativeTarget "AVFoundation-Combine" */;
			buildPhases = (
				BB4A48CE24C090540004DBA5 /* Sources */,
				BB4A48CF24C090540004DBA5 /* Frameworks */,
				BB4A48D024C090540004DBA5 /* Resources */,
			);
			buildRules = (
			);
			dependencies = (
			);
			name = "AVFoundation-Combine";
			packageProductDependencies = (
				4F924A79261F47AA0014DA8A /* AVFoundationCombine */,
			);
			productName = "AVFoundation-Combine";
			productReference = BB4A48D224C090540004DBA5 /* AVFoundation-Combine.app */;
			productType = "com.apple.product-type.application";
		};
/* End PBXNativeTarget section */

/* Begin PBXProject section */
		BB4A48CA24C090540004DBA5 /* Project object */ = {
			isa = PBXProject;
			attributes = {
				LastSwiftUpdateCheck = 1240;
				LastUpgradeCheck = 1240;
				ORGANIZATIONNAME = "József Vesza";
				TargetAttributes = {
					4F924A59261F46900014DA8A = {
						CreatedOnToolsVersion = 12.4;
					};
					BB4A48D124C090540004DBA5 = {
						CreatedOnToolsVersion = 11.5;
					};
				};
			};
			buildConfigurationList = BB4A48CD24C090540004DBA5 /* Build configuration list for PBXProject "AVFoundation-Combine" */;
			compatibilityVersion = "Xcode 9.3";
			developmentRegion = en;
			hasScannedForEncodings = 0;
			knownRegions = (
				en,
				Base,
			);
			mainGroup = BB4A48C924C090540004DBA5;
			packageReferences = (
				4F924A78261F47AA0014DA8A /* XCRemoteSwiftPackageReference "AVFoundation-Combine" */,
			);
			productRefGroup = BB4A48D324C090540004DBA5 /* Products */;
			projectDirPath = "";
			projectRoot = "";
			targets = (
				BB4A48D124C090540004DBA5 /* AVFoundation-Combine */,
				4F924A59261F46900014DA8A /* AVFoundation-Combine-tv */,
			);
		};
/* End PBXProject section */

/* Begin PBXResourcesBuildPhase section */
		4F924A58261F46900014DA8A /* Resources */ = {
			isa = PBXResourcesBuildPhase;
			buildActionMask = 2147483647;
			files = (
				4F924A67261F46920014DA8A /* LaunchScreen.storyboard in Resources */,
				4F924A64261F46920014DA8A /* Assets.xcassets in Resources */,
				4F924A89261F4BE40014DA8A /* UIAssets.xcassets in Resources */,
				4F924A62261F46900014DA8A /* Main.storyboard in Resources */,
			);
			runOnlyForDeploymentPostprocessing = 0;
		};
		BB4A48D024C090540004DBA5 /* Resources */ = {
			isa = PBXResourcesBuildPhase;
			buildActionMask = 2147483647;
			files = (
				BB4A48E224C090560004DBA5 /* LaunchScreen.storyboard in Resources */,
				BB4A48DF24C090560004DBA5 /* Assets.xcassets in Resources */,
				4F924A86261F4BAA0014DA8A /* UIAssets.xcassets in Resources */,
				BB4A48DD24C090540004DBA5 /* Main.storyboard in Resources */,
			);
			runOnlyForDeploymentPostprocessing = 0;
		};
/* End PBXResourcesBuildPhase section */

/* Begin PBXSourcesBuildPhase section */
		4F924A56261F46900014DA8A /* Sources */ = {
			isa = PBXSourcesBuildPhase;
			buildActionMask = 2147483647;
			files = (
				4F924A75261F47320014DA8A /* UIView+Embed.swift in Sources */,
				4F924A6F261F472C0014DA8A /* VideoPlayerViewController.swift in Sources */,
				4F924A5F261F46900014DA8A /* ViewController.swift in Sources */,
				4F924A5D261F46900014DA8A /* AppDelegate.swift in Sources */,
				4F924A72261F472F0014DA8A /* VideoPlayerContentOverlay.swift in Sources */,
			);
			runOnlyForDeploymentPostprocessing = 0;
		};
		BB4A48CE24C090540004DBA5 /* Sources */ = {
			isa = PBXSourcesBuildPhase;
			buildActionMask = 2147483647;
			files = (
				4FB5200A24D7D8B600F6BFD5 /* UIView+Embed.swift in Sources */,
				BB4A48DA24C090540004DBA5 /* VideoPlayerViewController.swift in Sources */,
				BB4A48D624C090540004DBA5 /* AppDelegate.swift in Sources */,
				BB4A48D824C090540004DBA5 /* SceneDelegate.swift in Sources */,
				4F295DA624D6AD1D0030EE7D /* VideoPlayerContentOverlay.swift in Sources */,
			);
			runOnlyForDeploymentPostprocessing = 0;
		};
/* End PBXSourcesBuildPhase section */

/* Begin PBXVariantGroup section */
		4F924A60261F46900014DA8A /* Main.storyboard */ = {
			isa = PBXVariantGroup;
			children = (
				4F924A61261F46900014DA8A /* Base */,
			);
			name = Main.storyboard;
			sourceTree = "<group>";
		};
		4F924A65261F46920014DA8A /* LaunchScreen.storyboard */ = {
			isa = PBXVariantGroup;
			children = (
				4F924A66261F46920014DA8A /* Base */,
			);
			name = LaunchScreen.storyboard;
			sourceTree = "<group>";
		};
		BB4A48DB24C090540004DBA5 /* Main.storyboard */ = {
			isa = PBXVariantGroup;
			children = (
				BB4A48DC24C090540004DBA5 /* Base */,
			);
			name = Main.storyboard;
			sourceTree = "<group>";
		};
		BB4A48E024C090560004DBA5 /* LaunchScreen.storyboard */ = {
			isa = PBXVariantGroup;
			children = (
				BB4A48E124C090560004DBA5 /* Base */,
			);
			name = LaunchScreen.storyboard;
			sourceTree = "<group>";
		};
/* End PBXVariantGroup section */

/* Begin XCBuildConfiguration section */
		4F924A69261F46920014DA8A /* Debug */ = {
			isa = XCBuildConfiguration;
			buildSettings = {
				ASSETCATALOG_COMPILER_APPICON_NAME = "App Icon & Top Shelf Image";
				ASSETCATALOG_COMPILER_GLOBAL_ACCENT_COLOR_NAME = AccentColor;
				CLANG_WARN_QUOTED_INCLUDE_IN_FRAMEWORK_HEADER = YES;
				CODE_SIGN_STYLE = Automatic;
				DEVELOPMENT_TEAM = 2BA7PGZ44F;
				INFOPLIST_FILE = "AVFoundation-Combine-tv/Info.plist";
				LD_RUNPATH_SEARCH_PATHS = (
					"$(inherited)",
					"@executable_path/Frameworks",
				);
				PRODUCT_BUNDLE_IDENTIFIER = "hu.jozsefvesza.AVFoundation-Combine-tvos.AVFoundation-Combine-tv";
				PRODUCT_NAME = "$(TARGET_NAME)";
				SDKROOT = appletvos;
				SWIFT_VERSION = 5.0;
				TARGETED_DEVICE_FAMILY = 3;
				TVOS_DEPLOYMENT_TARGET = 14.3;
			};
			name = Debug;
		};
		4F924A6A261F46920014DA8A /* Release */ = {
			isa = XCBuildConfiguration;
			buildSettings = {
				ASSETCATALOG_COMPILER_APPICON_NAME = "App Icon & Top Shelf Image";
				ASSETCATALOG_COMPILER_GLOBAL_ACCENT_COLOR_NAME = AccentColor;
				CLANG_WARN_QUOTED_INCLUDE_IN_FRAMEWORK_HEADER = YES;
				CODE_SIGN_STYLE = Automatic;
				DEVELOPMENT_TEAM = 2BA7PGZ44F;
				INFOPLIST_FILE = "AVFoundation-Combine-tv/Info.plist";
				LD_RUNPATH_SEARCH_PATHS = (
					"$(inherited)",
					"@executable_path/Frameworks",
				);
				PRODUCT_BUNDLE_IDENTIFIER = "hu.jozsefvesza.AVFoundation-Combine-tvos.AVFoundation-Combine-tv";
				PRODUCT_NAME = "$(TARGET_NAME)";
				SDKROOT = appletvos;
				SWIFT_VERSION = 5.0;
				TARGETED_DEVICE_FAMILY = 3;
				TVOS_DEPLOYMENT_TARGET = 14.3;
			};
			name = Release;
		};
		BB4A48E424C090560004DBA5 /* Debug */ = {
			isa = XCBuildConfiguration;
			buildSettings = {
				ALWAYS_SEARCH_USER_PATHS = NO;
				CLANG_ANALYZER_NONNULL = YES;
				CLANG_ANALYZER_NUMBER_OBJECT_CONVERSION = YES_AGGRESSIVE;
				CLANG_CXX_LANGUAGE_STANDARD = "gnu++14";
				CLANG_CXX_LIBRARY = "libc++";
				CLANG_ENABLE_MODULES = YES;
				CLANG_ENABLE_OBJC_ARC = YES;
				CLANG_ENABLE_OBJC_WEAK = YES;
				CLANG_WARN_BLOCK_CAPTURE_AUTORELEASING = YES;
				CLANG_WARN_BOOL_CONVERSION = YES;
				CLANG_WARN_COMMA = YES;
				CLANG_WARN_CONSTANT_CONVERSION = YES;
				CLANG_WARN_DEPRECATED_OBJC_IMPLEMENTATIONS = YES;
				CLANG_WARN_DIRECT_OBJC_ISA_USAGE = YES_ERROR;
				CLANG_WARN_DOCUMENTATION_COMMENTS = YES;
				CLANG_WARN_EMPTY_BODY = YES;
				CLANG_WARN_ENUM_CONVERSION = YES;
				CLANG_WARN_INFINITE_RECURSION = YES;
				CLANG_WARN_INT_CONVERSION = YES;
				CLANG_WARN_NON_LITERAL_NULL_CONVERSION = YES;
				CLANG_WARN_OBJC_IMPLICIT_RETAIN_SELF = YES;
				CLANG_WARN_OBJC_LITERAL_CONVERSION = YES;
				CLANG_WARN_OBJC_ROOT_CLASS = YES_ERROR;
				CLANG_WARN_QUOTED_INCLUDE_IN_FRAMEWORK_HEADER = YES;
				CLANG_WARN_RANGE_LOOP_ANALYSIS = YES;
				CLANG_WARN_STRICT_PROTOTYPES = YES;
				CLANG_WARN_SUSPICIOUS_MOVE = YES;
				CLANG_WARN_UNGUARDED_AVAILABILITY = YES_AGGRESSIVE;
				CLANG_WARN_UNREACHABLE_CODE = YES;
				CLANG_WARN__DUPLICATE_METHOD_MATCH = YES;
				COPY_PHASE_STRIP = NO;
				DEBUG_INFORMATION_FORMAT = dwarf;
				ENABLE_STRICT_OBJC_MSGSEND = YES;
				ENABLE_TESTABILITY = YES;
				GCC_C_LANGUAGE_STANDARD = gnu11;
				GCC_DYNAMIC_NO_PIC = NO;
				GCC_NO_COMMON_BLOCKS = YES;
				GCC_OPTIMIZATION_LEVEL = 0;
				GCC_PREPROCESSOR_DEFINITIONS = (
					"DEBUG=1",
					"$(inherited)",
				);
				GCC_WARN_64_TO_32_BIT_CONVERSION = YES;
				GCC_WARN_ABOUT_RETURN_TYPE = YES_ERROR;
				GCC_WARN_UNDECLARED_SELECTOR = YES;
				GCC_WARN_UNINITIALIZED_AUTOS = YES_AGGRESSIVE;
				GCC_WARN_UNUSED_FUNCTION = YES;
				GCC_WARN_UNUSED_VARIABLE = YES;
				IPHONEOS_DEPLOYMENT_TARGET = 13.5;
				MTL_ENABLE_DEBUG_INFO = INCLUDE_SOURCE;
				MTL_FAST_MATH = YES;
				ONLY_ACTIVE_ARCH = YES;
				SDKROOT = iphoneos;
				SWIFT_ACTIVE_COMPILATION_CONDITIONS = DEBUG;
				SWIFT_OPTIMIZATION_LEVEL = "-Onone";
			};
			name = Debug;
		};
		BB4A48E524C090560004DBA5 /* Release */ = {
			isa = XCBuildConfiguration;
			buildSettings = {
				ALWAYS_SEARCH_USER_PATHS = NO;
				CLANG_ANALYZER_NONNULL = YES;
				CLANG_ANALYZER_NUMBER_OBJECT_CONVERSION = YES_AGGRESSIVE;
				CLANG_CXX_LANGUAGE_STANDARD = "gnu++14";
				CLANG_CXX_LIBRARY = "libc++";
				CLANG_ENABLE_MODULES = YES;
				CLANG_ENABLE_OBJC_ARC = YES;
				CLANG_ENABLE_OBJC_WEAK = YES;
				CLANG_WARN_BLOCK_CAPTURE_AUTORELEASING = YES;
				CLANG_WARN_BOOL_CONVERSION = YES;
				CLANG_WARN_COMMA = YES;
				CLANG_WARN_CONSTANT_CONVERSION = YES;
				CLANG_WARN_DEPRECATED_OBJC_IMPLEMENTATIONS = YES;
				CLANG_WARN_DIRECT_OBJC_ISA_USAGE = YES_ERROR;
				CLANG_WARN_DOCUMENTATION_COMMENTS = YES;
				CLANG_WARN_EMPTY_BODY = YES;
				CLANG_WARN_ENUM_CONVERSION = YES;
				CLANG_WARN_INFINITE_RECURSION = YES;
				CLANG_WARN_INT_CONVERSION = YES;
				CLANG_WARN_NON_LITERAL_NULL_CONVERSION = YES;
				CLANG_WARN_OBJC_IMPLICIT_RETAIN_SELF = YES;
				CLANG_WARN_OBJC_LITERAL_CONVERSION = YES;
				CLANG_WARN_OBJC_ROOT_CLASS = YES_ERROR;
				CLANG_WARN_QUOTED_INCLUDE_IN_FRAMEWORK_HEADER = YES;
				CLANG_WARN_RANGE_LOOP_ANALYSIS = YES;
				CLANG_WARN_STRICT_PROTOTYPES = YES;
				CLANG_WARN_SUSPICIOUS_MOVE = YES;
				CLANG_WARN_UNGUARDED_AVAILABILITY = YES_AGGRESSIVE;
				CLANG_WARN_UNREACHABLE_CODE = YES;
				CLANG_WARN__DUPLICATE_METHOD_MATCH = YES;
				COPY_PHASE_STRIP = NO;
				DEBUG_INFORMATION_FORMAT = "dwarf-with-dsym";
				ENABLE_NS_ASSERTIONS = NO;
				ENABLE_STRICT_OBJC_MSGSEND = YES;
				GCC_C_LANGUAGE_STANDARD = gnu11;
				GCC_NO_COMMON_BLOCKS = YES;
				GCC_WARN_64_TO_32_BIT_CONVERSION = YES;
				GCC_WARN_ABOUT_RETURN_TYPE = YES_ERROR;
				GCC_WARN_UNDECLARED_SELECTOR = YES;
				GCC_WARN_UNINITIALIZED_AUTOS = YES_AGGRESSIVE;
				GCC_WARN_UNUSED_FUNCTION = YES;
				GCC_WARN_UNUSED_VARIABLE = YES;
				IPHONEOS_DEPLOYMENT_TARGET = 13.5;
				MTL_ENABLE_DEBUG_INFO = NO;
				MTL_FAST_MATH = YES;
				SDKROOT = iphoneos;
				SWIFT_COMPILATION_MODE = wholemodule;
				SWIFT_OPTIMIZATION_LEVEL = "-O";
				VALIDATE_PRODUCT = YES;
			};
			name = Release;
		};
		BB4A48E724C090560004DBA5 /* Debug */ = {
			isa = XCBuildConfiguration;
			buildSettings = {
				ASSETCATALOG_COMPILER_APPICON_NAME = AppIcon;
				CODE_SIGN_STYLE = Automatic;
				DEVELOPMENT_TEAM = 22E8VLPFF8;
				INFOPLIST_FILE = "AVFoundation-Combine/Info.plist";
				IPHONEOS_DEPLOYMENT_TARGET = 13.0;
				LD_RUNPATH_SEARCH_PATHS = (
					"$(inherited)",
					"@executable_path/Frameworks",
				);
				PRODUCT_BUNDLE_IDENTIFIER = "hu.jozsefvesza.AVFoundation-Combine";
				PRODUCT_NAME = "$(TARGET_NAME)";
				SWIFT_VERSION = 5.0;
				TARGETED_DEVICE_FAMILY = "1,2";
			};
			name = Debug;
		};
		BB4A48E824C090560004DBA5 /* Release */ = {
			isa = XCBuildConfiguration;
			buildSettings = {
				ASSETCATALOG_COMPILER_APPICON_NAME = AppIcon;
				CODE_SIGN_STYLE = Automatic;
				DEVELOPMENT_TEAM = 22E8VLPFF8;
				INFOPLIST_FILE = "AVFoundation-Combine/Info.plist";
				IPHONEOS_DEPLOYMENT_TARGET = 13.0;
				LD_RUNPATH_SEARCH_PATHS = (
					"$(inherited)",
					"@executable_path/Frameworks",
				);
				PRODUCT_BUNDLE_IDENTIFIER = "hu.jozsefvesza.AVFoundation-Combine";
				PRODUCT_NAME = "$(TARGET_NAME)";
				SWIFT_VERSION = 5.0;
				TARGETED_DEVICE_FAMILY = "1,2";
			};
			name = Release;
		};
/* End XCBuildConfiguration section */

/* Begin XCConfigurationList section */
		4F924A6B261F46920014DA8A /* Build configuration list for PBXNativeTarget "AVFoundation-Combine-tv" */ = {
			isa = XCConfigurationList;
			buildConfigurations = (
				4F924A69261F46920014DA8A /* Debug */,
				4F924A6A261F46920014DA8A /* Release */,
			);
			defaultConfigurationIsVisible = 0;
			defaultConfigurationName = Release;
		};
		BB4A48CD24C090540004DBA5 /* Build configuration list for PBXProject "AVFoundation-Combine" */ = {
			isa = XCConfigurationList;
			buildConfigurations = (
				BB4A48E424C090560004DBA5 /* Debug */,
				BB4A48E524C090560004DBA5 /* Release */,
			);
			defaultConfigurationIsVisible = 0;
			defaultConfigurationName = Release;
		};
		BB4A48E624C090560004DBA5 /* Build configuration list for PBXNativeTarget "AVFoundation-Combine" */ = {
			isa = XCConfigurationList;
			buildConfigurations = (
				BB4A48E724C090560004DBA5 /* Debug */,
				BB4A48E824C090560004DBA5 /* Release */,
			);
			defaultConfigurationIsVisible = 0;
			defaultConfigurationName = Release;
		};
/* End XCConfigurationList section */

/* Begin XCRemoteSwiftPackageReference section */
		4F924A78261F47AA0014DA8A /* XCRemoteSwiftPackageReference "AVFoundation-Combine" */ = {
			isa = XCRemoteSwiftPackageReference;
			repositoryURL = "https://github.com/jozsef-vesza/AVFoundation-Combine";
			requirement = {
				branch = master;
				kind = branch;
			};
		};
/* End XCRemoteSwiftPackageReference section */

/* Begin XCSwiftPackageProductDependency section */
		4F924A79261F47AA0014DA8A /* AVFoundationCombine */ = {
			isa = XCSwiftPackageProductDependency;
			package = 4F924A78261F47AA0014DA8A /* XCRemoteSwiftPackageReference "AVFoundation-Combine" */;
			productName = AVFoundationCombine;
		};
		4F924A80261F48070014DA8A /* AVFoundationCombine */ = {
			isa = XCSwiftPackageProductDependency;
			package = 4F924A78261F47AA0014DA8A /* XCRemoteSwiftPackageReference "AVFoundation-Combine" */;
			productName = AVFoundationCombine;
		};
/* End XCSwiftPackageProductDependency section */
	};
	rootObject = BB4A48CA24C090540004DBA5 /* Project object */;
}
