{
  "object": {
    "pins": [
      {
        "package": "AVFoundationCombine",
        "repositoryURL": "https://github.com/jozsef-vesza/AVFoundation-Combine",
        "state": {
          "branch": "add-tvos-support",
          "revision": "04def8c8c848ef4f1cfe63550673a162379fde9d",
          "version": null
        }
      }
    ]
  },
  "version": 1
}
